
Microsoft Visual Studio Solution File, Format Version 12.00
# Visual Studio Version 16
VisualStudioVersion = 16.0.29519.181
MinimumVisualStudioVersion = 10.0.40219.1
Project("{9A19103F-16F7-4668-BE54-9A1E7A4F7556}") = "Products", "Products\Products.csproj", "{DB629DA6-1FC2-4FBB-97E3-9CF2581EE043}"
EndProject
Global
	GlobalSection(SolutionConfigurationPlatforms) = preSolution
		Debug|Any CPU = Debug|Any CPU
		Debug|x64 = Debug|x64
		Release|Any CPU = Release|Any CPU
		Release|x64 = Release|x64
	EndGlobalSection
	GlobalSection(ProjectConfigurationPlatforms) = postSolution
		{DB629DA6-1FC2-4FBB-97E3-9CF2581EE043}.Debug|Any CPU.ActiveCfg = Debug|Any CPU
		{DB629DA6-1FC2-4FBB-97E3-9CF2581EE043}.Debug|Any CPU.Build.0 = Debug|Any CPU
		{DB629DA6-1FC2-4FBB-97E3-9CF2581EE043}.Debug|x64.ActiveCfg = Debug|x64
		{DB629DA6-1FC2-4FBB-97E3-9CF2581EE043}.Debug|x64.Build.0 = Debug|x64
		{DB629DA6-1FC2-4FBB-97E3-9CF2581EE043}.Release|Any CPU.ActiveCfg = Release|Any CPU
		{DB629DA6-1FC2-4FBB-97E3-9CF2581EE043}.Release|Any CPU.Build.0 = Release|Any CPU
		{DB629DA6-1FC2-4FBB-97E3-9CF2581EE043}.Release|x64.ActiveCfg = Release|x64
		{DB629DA6-1FC2-4FBB-97E3-9CF2581EE043}.Release|x64.Build.0 = Release|x64
	EndGlobalSection
	GlobalSection(SolutionProperties) = preSolution
		HideSolutionNode = FALSE
	EndGlobalSection
	GlobalSection(ExtensibilityGlobals) = postSolution
		SolutionGuid = {F95130BB-89D7-4E83-B0FB-411032969BCC}
	EndGlobalSection
EndGlobal
